# Generated by pub
# See https://dart.dev/tools/pub/glossary#lockfile
packages:
  royalty:
    dependency: "direct main"
    description:
      name: royalty
      sha256: a63691fc5619cb6242200438e79234a2f80fa7ef16a6086f944faba387302aca
      url: "https://pub.dev"
    source: hosted
    version: "0.1.0"
sdks:
  dart: ">=3.0.0 <4.0.0"
