# Generated by pub
# See https://dart.dev/tools/pub/glossary#lockfile
packages:
  royalty:
    dependency: "direct main"
    description:
      name: royalty
      sha256: "99afa0984a571e5a016cd55df445643958ee80702fd084d803c50741c09b98d6"
      url: "https://pub.dev"
    source: hosted
    version: "0.1.0"
sdks:
  dart: ">=3.0.0 <4.0.0"
